<?xml version="1.0" encoding="utf-8"?>
<Project ToolsVersion="4.0" xmlns="http://schemas.microsoft.com/developer/msbuild/2003">
  <ItemGroup>
    <Filter Include="Source Files">
      <UniqueIdentifier>{4FC737F1-C7A5-4376-A066-2A32D752A2FF}</UniqueIdentifier>
      <Extensions>cpp;c;cc;cxx;def;odl;idl;hpj;bat;asm;asmx</Extensions>
    </Filter>
    <Filter Include="Header Files">
      <UniqueIdentifier>{93995380-89BD-4b04-88EB-625FBE52EBFB}</UniqueIdentifier>
      <Extensions>h;hh;hpp;hxx;hm;inl;inc;xsd</Extensions>
    </Filter>
    <Filter Include="Resource Files">
      <UniqueIdentifier>{67DA6AB6-F800-4c08-8B7A-83BB121AAD01}</UniqueIdentifier>
      <Extensions>rc;ico;cur;bmp;dlg;rc2;rct;bin;rgs;gif;jpg;jpeg;jpe;resx;tiff;tif;png;wav;mfcribbon-ms</Extensions>
    </Filter>
    <Filter Include="Helpers">
      <UniqueIdentifier>{e183ad2c-bee7-44a2-9dac-da9bec425ff5}</UniqueIdentifier>
    </Filter>
    <Filter Include="zlib-1.2.11">
      <UniqueIdentifier>{6d531bab-0257-460a-a15c-dd2867281dee}</UniqueIdentifier>
    </Filter>
  </ItemGroup>
  <ItemGroup>
    <ClCompile Include="..\common\StringHelpers.cpp">
      <Filter>Helpers</Filter>
    </ClCompile>
    <ClCompile Include="ZZipUpdate_main.cpp">
      <Filter>Source Files</Filter>
    </ClCompile>
    <ClCompile Include="..\ZZip\ZipHeaders.cpp">
      <Filter>Source Files</Filter>
    </ClCompile>
    <ClCompile Include="..\ZZip\ZipJob.cpp">
      <Filter>Source Files</Filter>
    </ClCompile>
    <ClCompile Include="..\ZZip\zlibAPI.cpp">
      <Filter>Source Files</Filter>
    </ClCompile>
    <ClCompile Include="..\ZZip\ZZipAPI.cpp">
      <Filter>Source Files</Filter>
    </ClCompile>
    <ClCompile Include="..\common\FNMatch.cpp">
      <Filter>Helpers</Filter>
    </ClCompile>
    <ClCompile Include="..\common\ZZFileAPI.cpp">
      <Filter>Helpers</Filter>
    </ClCompile>
    <ClCompile Include="..\common\Crc32Fast.cpp">
      <Filter>Helpers</Filter>
    </ClCompile>
    <ClCompile Include="..\common\HTTPCache.cpp">
      <Filter>Helpers</Filter>
    </ClCompile>
    <ClCompile Include="..\common\zlib-1.2.11\adler32.c">
      <Filter>zlib-1.2.11</Filter>
    </ClCompile>
    <ClCompile Include="..\common\zlib-1.2.11\compress.c">
      <Filter>zlib-1.2.11</Filter>
    </ClCompile>
    <ClCompile Include="..\common\zlib-1.2.11\crc32.c">
      <Filter>zlib-1.2.11</Filter>
    </ClCompile>
    <ClCompile Include="..\common\zlib-1.2.11\deflate.c">
      <Filter>zlib-1.2.11</Filter>
    </ClCompile>
    <ClCompile Include="..\common\zlib-1.2.11\gzread.c">
      <Filter>zlib-1.2.11</Filter>
    </ClCompile>
    <ClCompile Include="..\common\zlib-1.2.11\gzwrite.c">
      <Filter>zlib-1.2.11</Filter>
    </ClCompile>
    <ClCompile Include="..\common\zlib-1.2.11\infback.c">
      <Filter>zlib-1.2.11</Filter>
    </ClCompile>
    <ClCompile Include="..\common\zlib-1.2.11\inffast.c">
      <Filter>zlib-1.2.11</Filter>
    </ClCompile>
    <ClCompile Include="..\common\zlib-1.2.11\inflate.c">
      <Filter>zlib-1.2.11</Filter>
    </ClCompile>
    <ClCompile Include="..\common\zlib-1.2.11\inftrees.c">
      <Filter>zlib-1.2.11</Filter>
    </ClCompile>
    <ClCompile Include="..\common\zlib-1.2.11\gzclose.c">
      <Filter>zlib-1.2.11</Filter>
    </ClCompile>
    <ClCompile Include="..\common\zlib-1.2.11\gzlib.c">
      <Filter>zlib-1.2.11</Filter>
    </ClCompile>
    <ClCompile Include="..\common\zlib-1.2.11\uncompr.c">
      <Filter>zlib-1.2.11</Filter>
    </ClCompile>
    <ClCompile Include="..\common\zlib-1.2.11\zutil.c">
      <Filter>zlib-1.2.11</Filter>
    </ClCompile>
    <ClCompile Include="..\common\zlib-1.2.11\trees.c">
      <Filter>zlib-1.2.11</Filter>
    </ClCompile>
    <ClCompile Include="..\..\ZLibraries\Common\helpers\CommandLineParser.cpp">
      <Filter>Helpers</Filter>
    </ClCompile>
  </ItemGroup>
  <ItemGroup>
    <ClInclude Include="..\common\StringHelpers.h">
      <Filter>Helpers</Filter>
    </ClInclude>
    <ClInclude Include="..\common\thread_pool.hpp">
      <Filter>Helpers</Filter>
    </ClInclude>
    <ClInclude Include="..\common\FNMatch.h">
      <Filter>Helpers</Filter>
    </ClInclude>
    <ClInclude Include="..\ZZip\ZipHeaders.h">
      <Filter>Header Files</Filter>
    </ClInclude>
    <ClInclude Include="..\ZZip\zlibAPI.h">
      <Filter>Header Files</Filter>
    </ClInclude>
    <ClInclude Include="..\ZZip\ZZipAPI.h">
      <Filter>Header Files</Filter>
    </ClInclude>
    <ClInclude Include="..\ZZip\ZipJob.h">
      <Filter>Header Files</Filter>
    </ClInclude>
    <ClInclude Include="..\common\ZZFileAPI.h">
      <Filter>Helpers</Filter>
    </ClInclude>
    <ClInclude Include="..\ZZip\ZZipTrackers.h">
      <Filter>Header Files</Filter>
    </ClInclude>
    <ClInclude Include="..\common\Crc32Fast.h">
      <Filter>Helpers</Filter>
    </ClInclude>
    <ClInclude Include="..\common\HTTPCache.h">
      <Filter>Helpers</Filter>
    </ClInclude>
    <ClInclude Include="..\common\zlib-1.2.11\deflate.h">
      <Filter>zlib-1.2.11</Filter>
    </ClInclude>
    <ClInclude Include="..\common\zlib-1.2.11\inffast.h">
      <Filter>zlib-1.2.11</Filter>
    </ClInclude>
    <ClInclude Include="..\common\zlib-1.2.11\inffixed.h">
      <Filter>zlib-1.2.11</Filter>
    </ClInclude>
    <ClInclude Include="..\common\zlib-1.2.11\inflate.h">
      <Filter>zlib-1.2.11</Filter>
    </ClInclude>
    <ClInclude Include="..\common\zlib-1.2.11\inftrees.h">
      <Filter>zlib-1.2.11</Filter>
    </ClInclude>
    <ClInclude Include="..\common\zlib-1.2.11\gzguts.h">
      <Filter>zlib-1.2.11</Filter>
    </ClInclude>
    <ClInclude Include="..\common\zlib-1.2.11\trees.h">
      <Filter>zlib-1.2.11</Filter>
    </ClInclude>
    <ClInclude Include="..\common\zlib-1.2.11\zconf.h">
      <Filter>zlib-1.2.11</Filter>
    </ClInclude>
    <ClInclude Include="..\common\zlib-1.2.11\zutil.h">
      <Filter>zlib-1.2.11</Filter>
    </ClInclude>
    <ClInclude Include="..\..\ZLibraries\Common\helpers\CommandLineParser.h">
      <Filter>Helpers</Filter>
    </ClInclude>
  </ItemGroup>
</Project>